{
  "name": "musai",
  "version": "0.1.0",
  "lockfileVersion": 3,
  "requires": true,
  "packages": {
    "": {
      "name": "musai",
      "version": "0.1.0",
      "license": "UNLICENSED",
      "bin": {
        "musai": "bin/musai.js"
      },
      "engines": {
        "node": ">=18"
      }
    }
  }
}
