{
  "name": "@lazyingart/musia",
  "version": "0.1.1",
  "lockfileVersion": 3,
  "requires": true,
  "packages": {
    "": {
      "name": "@lazyingart/musia",
      "version": "0.1.1",
      "license": "UNLICENSED",
      "bin": {
        "musia": "bin/musia.js"
      },
      "engines": {
        "node": ">=18"
      }
    }
  }
}
